
Microsoft Visual Studio Solution File, Format Version 12.00
# Visual Studio Version 16
VisualStudioVersion = 16.0.30406.217
MinimumVisualStudioVersion = 10.0.40219.1
Project("{9A19103F-16F7-4668-BE54-9A1E7A4F7556}") = "MC Debug Monitor", "MC Debug Monitor\MC Debug Monitor.csproj", "{59BB08DB-A888-49F9-8F5C-39E5A38484F3}"
EndProject
Project("{FAE04EC0-301F-11D3-BF4B-00C04F79EFBC}") = "UpdateTool", "UpdateTool\UpdateTool.csproj", "{776B9DF9-05BE-4D91-9504-1ABFC588ADF9}"
EndProject
Global
	GlobalSection(SolutionConfigurationPlatforms) = preSolution
		Debug|Any CPU = Debug|Any CPU
		Release|Any CPU = Release|Any CPU
	EndGlobalSection
	GlobalSection(ProjectConfigurationPlatforms) = postSolution
		{59BB08DB-A888-49F9-8F5C-39E5A38484F3}.Debug|Any CPU.ActiveCfg = Debug|Any CPU
		{59BB08DB-A888-49F9-8F5C-39E5A38484F3}.Debug|Any CPU.Build.0 = Debug|Any CPU
		{59BB08DB-A888-49F9-8F5C-39E5A38484F3}.Release|Any CPU.ActiveCfg = Release|Any CPU
		{59BB08DB-A888-49F9-8F5C-39E5A38484F3}.Release|Any CPU.Build.0 = Release|Any CPU
		{776B9DF9-05BE-4D91-9504-1ABFC588ADF9}.Debug|Any CPU.ActiveCfg = Debug|Any CPU
		{776B9DF9-05BE-4D91-9504-1ABFC588ADF9}.Debug|Any CPU.Build.0 = Debug|Any CPU
		{776B9DF9-05BE-4D91-9504-1ABFC588ADF9}.Release|Any CPU.ActiveCfg = Release|Any CPU
		{776B9DF9-05BE-4D91-9504-1ABFC588ADF9}.Release|Any CPU.Build.0 = Release|Any CPU
	EndGlobalSection
	GlobalSection(SolutionProperties) = preSolution
		HideSolutionNode = FALSE
	EndGlobalSection
	GlobalSection(ExtensibilityGlobals) = postSolution
		SolutionGuid = {6FC8C0EB-E8EB-451A-B06A-5140E422295E}
	EndGlobalSection
EndGlobal
